// !$*UTF8*$!
{
	archiveVersion = 1;
	classes = {
	};
	objectVersion = 48;
	objects = {

/* Begin PBXBuildFile section */
		A42C7079206A491700617D4B /* insideCollectionViewCell.swift in Sources */ = {isa = PBXBuildFile; fileRef = A42C7078206A491700617D4B /* insideCollectionViewCell.swift */; };
		A42C707B206A492C00617D4B /* mainTableViewCell.swift in Sources */ = {isa = PBXBuildFile; fileRef = A42C707A206A492C00617D4B /* mainTableViewCell.swift */; };
		A446707D206A473000A7B007 /* AppDelegate.swift in Sources */ = {isa = PBXBuildFile; fileRef = A446707C206A473000A7B007 /* AppDelegate.swift */; };
		A446707F206A473000A7B007 /* ViewController.swift in Sources */ = {isa = PBXBuildFile; fileRef = A446707E206A473000A7B007 /* ViewController.swift */; };
		A4467082206A473000A7B007 /* Main.storyboard in Resources */ = {isa = PBXBuildFile; fileRef = A4467080206A473000A7B007 /* Main.storyboard */; };
		A4467084206A473000A7B007 /* Assets.xcassets in Resources */ = {isa = PBXBuildFile; fileRef = A4467083206A473000A7B007 /* Assets.xcassets */; };
		A4467087206A473000A7B007 /* LaunchScreen.storyboard in Resources */ = {isa = PBXBuildFile; fileRef = A4467085206A473000A7B007 /* LaunchScreen.storyboard */; };
/* End PBXBuildFile section */

/* Begin PBXFileReference section */
		A42C7078206A491700617D4B /* insideCollectionViewCell.swift */ = {isa = PBXFileReference; lastKnownFileType = sourcecode.swift; path = insideCollectionViewCell.swift; sourceTree = "<group>"; };
		A42C707A206A492C00617D4B /* mainTableViewCell.swift */ = {isa = PBXFileReference; lastKnownFileType = sourcecode.swift; path = mainTableViewCell.swift; sourceTree = "<group>"; };
		A4467079206A473000A7B007 /* collectionInsideTable.app */ = {isa = PBXFileReference; explicitFileType = wrapper.application; includeInIndex = 0; path = collectionInsideTable.app; sourceTree = BUILT_PRODUCTS_DIR; };
		A446707C206A473000A7B007 /* AppDelegate.swift */ = {isa = PBXFileReference; lastKnownFileType = sourcecode.swift; path = AppDelegate.swift; sourceTree = "<group>"; };
		A446707E206A473000A7B007 /* ViewController.swift */ = {isa = PBXFileReference; lastKnownFileType = sourcecode.swift; path = ViewController.swift; sourceTree = "<group>"; };
		A4467081206A473000A7B007 /* Base */ = {isa = PBXFileReference; lastKnownFileType = file.storyboard; name = Base; path = Base.lproj/Main.storyboard; sourceTree = "<group>"; };
		A4467083206A473000A7B007 /* Assets.xcassets */ = {isa = PBXFileReference; lastKnownFileType = folder.assetcatalog; path = Assets.xcassets; sourceTree = "<group>"; };
		A4467086206A473000A7B007 /* Base */ = {isa = PBXFileReference; lastKnownFileType = file.storyboard; name = Base; path = Base.lproj/LaunchScreen.storyboard; sourceTree = "<group>"; };
		A4467088206A473000A7B007 /* Info.plist */ = {isa = PBXFileReference; lastKnownFileType = text.plist.xml; path = Info.plist; sourceTree = "<group>"; };
/* End PBXFileReference section */

/* Begin PBXFrameworksBuildPhase section */
		A4467076206A473000A7B007 /* Frameworks */ = {
			isa = PBXFrameworksBuildPhase;
			buildActionMask = 2147483647;
			files = (
			);
			runOnlyForDeploymentPostprocessing = 0;
		};
/* End PBXFrameworksBuildPhase section */

/* Begin PBXGroup section */
		A4467070206A473000A7B007 = {
			isa = PBXGroup;
			children = (
				A446707B206A473000A7B007 /* collectionInsideTable */,
				A446707A206A473000A7B007 /* Products */,
			);
			sourceTree = "<group>";
		};
		A446707A206A473000A7B007 /* Products */ = {
			isa = PBXGroup;
			children = (
				A4467079206A473000A7B007 /* collectionInsideTable.app */,
			);
			name = Products;
			sourceTree = "<group>";
		};
		A446707B206A473000A7B007 /* collectionInsideTable */ = {
			isa = PBXGroup;
			children = (
				A446707C206A473000A7B007 /* AppDelegate.swift */,
				A446707E206A473000A7B007 /* ViewController.swift */,
				A4467080206A473000A7B007 /* Main.storyboard */,
				A4467083206A473000A7B007 /* Assets.xcassets */,
				A4467085206A473000A7B007 /* LaunchScreen.storyboard */,
				A4467088206A473000A7B007 /* Info.plist */,
				A42C7078206A491700617D4B /* insideCollectionViewCell.swift */,
				A42C707A206A492C00617D4B /* mainTableViewCell.swift */,
			);
			path = collectionInsideTable;
			sourceTree = "<group>";
		};
/* End PBXGroup section */

/* Begin PBXNativeTarget section */
		A4467078206A473000A7B007 /* collectionInsideTable */ = {
			isa = PBXNativeTarget;
			buildConfigurationList = A446708B206A473000A7B007 /* Build configuration list for PBXNativeTarget "collectionInsideTable" */;
			buildPhases = (
				A4467075206A473000A7B007 /* Sources */,
				A4467076206A473000A7B007 /* Frameworks */,
				A4467077206A473000A7B007 /* Resources */,
			);
			buildRules = (
			);
			dependencies = (
			);
			name = collectionInsideTable;
			productName = collectionInsideTable;
			productReference = A4467079206A473000A7B007 /* collectionInsideTable.app */;
			productType = "com.apple.product-type.application";
		};
/* End PBXNativeTarget section */

/* Begin PBXProject section */
		A4467071206A473000A7B007 /* Project object */ = {
			isa = PBXProject;
			attributes = {
				LastSwiftUpdateCheck = 0910;
				LastUpgradeCheck = 0910;
				ORGANIZATIONNAME = "AFFIXUS IMAC1";
				TargetAttributes = {
					A4467078206A473000A7B007 = {
						CreatedOnToolsVersion = 9.1;
						ProvisioningStyle = Automatic;
					};
				};
			};
			buildConfigurationList = A4467074206A473000A7B007 /* Build configuration list for PBXProject "collectionInsideTable" */;
			compatibilityVersion = "Xcode 8.0";
			developmentRegion = en;
			hasScannedForEncodings = 0;
			knownRegions = (
				en,
				Base,
			);
			mainGroup = A4467070206A473000A7B007;
			productRefGroup = A446707A206A473000A7B007 /* Products */;
			projectDirPath = "";
			projectRoot = "";
			targets = (
				A4467078206A473000A7B007 /* collectionInsideTable */,
			);
		};
/* End PBXProject section */

/* Begin PBXResourcesBuildPhase section */
		A4467077206A473000A7B007 /* Resources */ = {
			isa = PBXResourcesBuildPhase;
			buildActionMask = 2147483647;
			files = (
				A4467087206A473000A7B007 /* LaunchScreen.storyboard in Resources */,
				A4467084206A473000A7B007 /* Assets.xcassets in Resources */,
				A4467082206A473000A7B007 /* Main.storyboard in Resources */,
			);
			runOnlyForDeploymentPostprocessing = 0;
		};
/* End PBXResourcesBuildPhase section */

/* Begin PBXSourcesBuildPhase section */
		A4467075206A473000A7B007 /* Sources */ = {
			isa = PBXSourcesBuildPhase;
			buildActionMask = 2147483647;
			files = (
				A446707F206A473000A7B007 /* ViewController.swift in Sources */,
				A446707D206A473000A7B007 /* AppDelegate.swift in Sources */,
				A42C707B206A492C00617D4B /* mainTableViewCell.swift in Sources */,
				A42C7079206A491700617D4B /* insideCollectionViewCell.swift in Sources */,
			);
			runOnlyForDeploymentPostprocessing = 0;
		};
/* End PBXSourcesBuildPhase section */

/* Begin PBXVariantGroup section */
		A4467080206A473000A7B007 /* Main.storyboard */ = {
			isa = PBXVariantGroup;
			children = (
				A4467081206A473000A7B007 /* Base */,
			);
			name = Main.storyboard;
			sourceTree = "<group>";
		};
		A4467085206A473000A7B007 /* LaunchScreen.storyboard */ = {
			isa = PBXVariantGroup;
			children = (
				A4467086206A473000A7B007 /* Base */,
			);
			name = LaunchScreen.storyboard;
			sourceTree = "<group>";
		};
/* End PBXVariantGroup section */

/* Begin XCBuildConfiguration section */
		A4467089206A473000A7B007 /* Debug */ = {
			isa = XCBuildConfiguration;
			buildSettings = {
				ALWAYS_SEARCH_USER_PATHS = NO;
				CLANG_ANALYZER_NONNULL = YES;
				CLANG_ANALYZER_NUMBER_OBJECT_CONVERSION = YES_AGGRESSIVE;
				CLANG_CXX_LANGUAGE_STANDARD = "gnu++14";
				CLANG_CXX_LIBRARY = "libc++";
				CLANG_ENABLE_MODULES = YES;
				CLANG_ENABLE_OBJC_ARC = YES;
				CLANG_WARN_BLOCK_CAPTURE_AUTORELEASING = YES;
				CLANG_WARN_BOOL_CONVERSION = YES;
				CLANG_WARN_COMMA = YES;
				CLANG_WARN_CONSTANT_CONVERSION = YES;
				CLANG_WARN_DIRECT_OBJC_ISA_USAGE = YES_ERROR;
				CLANG_WARN_DOCUMENTATION_COMMENTS = YES;
				CLANG_WARN_EMPTY_BODY = YES;
				CLANG_WARN_ENUM_CONVERSION = YES;
				CLANG_WARN_INFINITE_RECURSION = YES;
				CLANG_WARN_INT_CONVERSION = YES;
				CLANG_WARN_NON_LITERAL_NULL_CONVERSION = YES;
				CLANG_WARN_OBJC_LITERAL_CONVERSION = YES;
				CLANG_WARN_OBJC_ROOT_CLASS = YES_ERROR;
				CLANG_WARN_RANGE_LOOP_ANALYSIS = YES;
				CLANG_WARN_STRICT_PROTOTYPES = YES;
				CLANG_WARN_SUSPICIOUS_MOVE = YES;
				CLANG_WARN_UNGUARDED_AVAILABILITY = YES_AGGRESSIVE;
				CLANG_WARN_UNREACHABLE_CODE = YES;
				CLANG_WARN__DUPLICATE_METHOD_MATCH = YES;
				CODE_SIGN_IDENTITY = "iPhone Developer";
				COPY_PHASE_STRIP = NO;
				DEBUG_INFORMATION_FORMAT = dwarf;
				ENABLE_STRICT_OBJC_MSGSEND = YES;
				ENABLE_TESTABILITY = YES;
				GCC_C_LANGUAGE_STANDARD = gnu11;
				GCC_DYNAMIC_NO_PIC = NO;
				GCC_NO_COMMON_BLOCKS = YES;
				GCC_OPTIMIZATION_LEVEL = 0;
				GCC_PREPROCESSOR_DEFINITIONS = (
					"DEBUG=1",
					"$(inherited)",
				);
				GCC_WARN_64_TO_32_BIT_CONVERSION = YES;
				GCC_WARN_ABOUT_RETURN_TYPE = YES_ERROR;
				GCC_WARN_UNDECLARED_SELECTOR = YES;
				GCC_WARN_UNINITIALIZED_AUTOS = YES_AGGRESSIVE;
				GCC_WARN_UNUSED_FUNCTION = YES;
				GCC_WARN_UNUSED_VARIABLE = YES;
				IPHONEOS_DEPLOYMENT_TARGET = 11.1;
				MTL_ENABLE_DEBUG_INFO = YES;
				ONLY_ACTIVE_ARCH = YES;
				SDKROOT = iphoneos;
				SWIFT_ACTIVE_COMPILATION_CONDITIONS = DEBUG;
				SWIFT_OPTIMIZATION_LEVEL = "-Onone";
			};
			name = Debug;
		};
		A446708A206A473000A7B007 /* Release */ = {
			isa = XCBuildConfiguration;
			buildSettings = {
				ALWAYS_SEARCH_USER_PATHS = NO;
				CLANG_ANALYZER_NONNULL = YES;
				CLANG_ANALYZER_NUMBER_OBJECT_CONVERSION = YES_AGGRESSIVE;
				CLANG_CXX_LANGUAGE_STANDARD = "gnu++14";
				CLANG_CXX_LIBRARY = "libc++";
				CLANG_ENABLE_MODULES = YES;
				CLANG_ENABLE_OBJC_ARC = YES;
				CLANG_WARN_BLOCK_CAPTURE_AUTORELEASING = YES;
				CLANG_WARN_BOOL_CONVERSION = YES;
				CLANG_WARN_COMMA = YES;
				CLANG_WARN_CONSTANT_CONVERSION = YES;
				CLANG_WARN_DIRECT_OBJC_ISA_USAGE = YES_ERROR;
				CLANG_WARN_DOCUMENTATION_COMMENTS = YES;
				CLANG_WARN_EMPTY_BODY = YES;
				CLANG_WARN_ENUM_CONVERSION = YES;
				CLANG_WARN_INFINITE_RECURSION = YES;
				CLANG_WARN_INT_CONVERSION = YES;
				CLANG_WARN_NON_LITERAL_NULL_CONVERSION = YES;
				CLANG_WARN_OBJC_LITERAL_CONVERSION = YES;
				CLANG_WARN_OBJC_ROOT_CLASS = YES_ERROR;
				CLANG_WARN_RANGE_LOOP_ANALYSIS = YES;
				CLANG_WARN_STRICT_PROTOTYPES = YES;
				CLANG_WARN_SUSPICIOUS_MOVE = YES;
				CLANG_WARN_UNGUARDED_AVAILABILITY = YES_AGGRESSIVE;
				CLANG_WARN_UNREACHABLE_CODE = YES;
				CLANG_WARN__DUPLICATE_METHOD_MATCH = YES;
				CODE_SIGN_IDENTITY = "iPhone Developer";
				COPY_PHASE_STRIP = NO;
				DEBUG_INFORMATION_FORMAT = "dwarf-with-dsym";
				ENABLE_NS_ASSERTIONS = NO;
				ENABLE_STRICT_OBJC_MSGSEND = YES;
				GCC_C_LANGUAGE_STANDARD = gnu11;
				GCC_NO_COMMON_BLOCKS = YES;
				GCC_WARN_64_TO_32_BIT_CONVERSION = YES;
				GCC_WARN_ABOUT_RETURN_TYPE = YES_ERROR;
				GCC_WARN_UNDECLARED_SELECTOR = YES;
				GCC_WARN_UNINITIALIZED_AUTOS = YES_AGGRESSIVE;
				GCC_WARN_UNUSED_FUNCTION = YES;
				GCC_WARN_UNUSED_VARIABLE = YES;
				IPHONEOS_DEPLOYMENT_TARGET = 11.1;
				MTL_ENABLE_DEBUG_INFO = NO;
				SDKROOT = iphoneos;
				SWIFT_OPTIMIZATION_LEVEL = "-Owholemodule";
				VALIDATE_PRODUCT = YES;
			};
			name = Release;
		};
		A446708C206A473000A7B007 /* Debug */ = {
			isa = XCBuildConfiguration;
			buildSettings = {
				ASSETCATALOG_COMPILER_APPICON_NAME = AppIcon;
				CODE_SIGN_STYLE = Automatic;
				INFOPLIST_FILE = collectionInsideTable/Info.plist;
				LD_RUNPATH_SEARCH_PATHS = "$(inherited) @executable_path/Frameworks";
				PRODUCT_BUNDLE_IDENTIFIER = affixus.collectionInsideTable;
				PRODUCT_NAME = "$(TARGET_NAME)";
				SWIFT_VERSION = 4.0;
				TARGETED_DEVICE_FAMILY = "1,2";
			};
			name = Debug;
		};
		A446708D206A473000A7B007 /* Release */ = {
			isa = XCBuildConfiguration;
			buildSettings = {
				ASSETCATALOG_COMPILER_APPICON_NAME = AppIcon;
				CODE_SIGN_STYLE = Automatic;
				INFOPLIST_FILE = collectionInsideTable/Info.plist;
				LD_RUNPATH_SEARCH_PATHS = "$(inherited) @executable_path/Frameworks";
				PRODUCT_BUNDLE_IDENTIFIER = affixus.collectionInsideTable;
				PRODUCT_NAME = "$(TARGET_NAME)";
				SWIFT_VERSION = 4.0;
				TARGETED_DEVICE_FAMILY = "1,2";
			};
			name = Release;
		};
/* End XCBuildConfiguration section */

/* Begin XCConfigurationList section */
		A4467074206A473000A7B007 /* Build configuration list for PBXProject "collectionInsideTable" */ = {
			isa = XCConfigurationList;
			buildConfigurations = (
				A4467089206A473000A7B007 /* Debug */,
				A446708A206A473000A7B007 /* Release */,
			);
			defaultConfigurationIsVisible = 0;
			defaultConfigurationName = Release;
		};
		A446708B206A473000A7B007 /* Build configuration list for PBXNativeTarget "collectionInsideTable" */ = {
			isa = XCConfigurationList;
			buildConfigurations = (
				A446708C206A473000A7B007 /* Debug */,
				A446708D206A473000A7B007 /* Release */,
			);
			defaultConfigurationIsVisible = 0;
			defaultConfigurationName = Release;
		};
/* End XCConfigurationList section */
	};
	rootObject = A4467071206A473000A7B007 /* Project object */;
}
